
Microsoft Visual Studio Solution File, Format Version 12.00
# Visual Studio 14
VisualStudioVersion = 14.0.25420.1
MinimumVisualStudioVersion = 10.0.40219.1
Project("{FAE04EC0-301F-11D3-BF4B-00C04F79EFBC}") = "KateApp", "KateApp\KateApp\KateApp.csproj", "{94FF6534-C155-4B1F-A4DE-25E62661CC38}"
EndProject
Project("{FAE04EC0-301F-11D3-BF4B-00C04F79EFBC}") = "KateApp.Droid", "KateApp\KateApp.Droid\KateApp.Droid.csproj", "{F70784F5-9DA2-426C-8F29-0079482F419B}"
EndProject
Project("{FAE04EC0-301F-11D3-BF4B-00C04F79EFBC}") = "KateApp.iOS", "KateApp\KateApp.iOS\KateApp.iOS.csproj", "{9820EE87-C825-4277-A641-A2D5DCE93153}"
EndProject
Project("{FAE04EC0-301F-11D3-BF4B-00C04F79EFBC}") = "KateApp.WinPhone", "KateApp\KateApp.WinPhone\KateApp.WinPhone.csproj", "{52DE8A48-E993-42D0-BB0F-4A569E645768}"
EndProject
Project("{FAE04EC0-301F-11D3-BF4B-00C04F79EFBC}") = "KateApp.Windows", "KateApp\KateApp.Windows\KateApp.Windows.csproj", "{FC7926F7-5D08-4457-9171-7481559D6B2C}"
EndProject
Global
	GlobalSection(SolutionConfigurationPlatforms) = preSolution
		Ad-Hoc|Any CPU = Ad-Hoc|Any CPU
		Ad-Hoc|ARM = Ad-Hoc|ARM
		Ad-Hoc|iPhone = Ad-Hoc|iPhone
		Ad-Hoc|iPhoneSimulator = Ad-Hoc|iPhoneSimulator
		Ad-Hoc|x64 = Ad-Hoc|x64
		Ad-Hoc|x86 = Ad-Hoc|x86
		AppStore|Any CPU = AppStore|Any CPU
		AppStore|ARM = AppStore|ARM
		AppStore|iPhone = AppStore|iPhone
		AppStore|iPhoneSimulator = AppStore|iPhoneSimulator
		AppStore|x64 = AppStore|x64
		AppStore|x86 = AppStore|x86
		Debug|Any CPU = Debug|Any CPU
		Debug|ARM = Debug|ARM
		Debug|iPhone = Debug|iPhone
		Debug|iPhoneSimulator = Debug|iPhoneSimulator
		Debug|x64 = Debug|x64
		Debug|x86 = Debug|x86
		Release|Any CPU = Release|Any CPU
		Release|ARM = Release|ARM
		Release|iPhone = Release|iPhone
		Release|iPhoneSimulator = Release|iPhoneSimulator
		Release|x64 = Release|x64
		Release|x86 = Release|x86
	EndGlobalSection
	GlobalSection(ProjectConfigurationPlatforms) = postSolution
		{94FF6534-C155-4B1F-A4DE-25E62661CC38}.Ad-Hoc|Any CPU.ActiveCfg = Release|Any CPU
		{94FF6534-C155-4B1F-A4DE-25E62661CC38}.Ad-Hoc|Any CPU.Build.0 = Release|Any CPU
		{94FF6534-C155-4B1F-A4DE-25E62661CC38}.Ad-Hoc|ARM.ActiveCfg = Release|Any CPU
		{94FF6534-C155-4B1F-A4DE-25E62661CC38}.Ad-Hoc|ARM.Build.0 = Release|Any CPU
		{94FF6534-C155-4B1F-A4DE-25E62661CC38}.Ad-Hoc|iPhone.ActiveCfg = Release|Any CPU
		{94FF6534-C155-4B1F-A4DE-25E62661CC38}.Ad-Hoc|iPhone.Build.0 = Release|Any CPU
		{94FF6534-C155-4B1F-A4DE-25E62661CC38}.Ad-Hoc|iPhoneSimulator.ActiveCfg = Release|Any CPU
		{94FF6534-C155-4B1F-A4DE-25E62661CC38}.Ad-Hoc|iPhoneSimulator.Build.0 = Release|Any CPU
		{94FF6534-C155-4B1F-A4DE-25E62661CC38}.Ad-Hoc|x64.ActiveCfg = Release|Any CPU
		{94FF6534-C155-4B1F-A4DE-25E62661CC38}.Ad-Hoc|x64.Build.0 = Release|Any CPU
		{94FF6534-C155-4B1F-A4DE-25E62661CC38}.Ad-Hoc|x86.ActiveCfg = Release|Any CPU
		{94FF6534-C155-4B1F-A4DE-25E62661CC38}.Ad-Hoc|x86.Build.0 = Release|Any CPU
		{94FF6534-C155-4B1F-A4DE-25E62661CC38}.AppStore|Any CPU.ActiveCfg = Release|Any CPU
		{94FF6534-C155-4B1F-A4DE-25E62661CC38}.AppStore|Any CPU.Build.0 = Release|Any CPU
		{94FF6534-C155-4B1F-A4DE-25E62661CC38}.AppStore|ARM.ActiveCfg = Release|Any CPU
		{94FF6534-C155-4B1F-A4DE-25E62661CC38}.AppStore|ARM.Build.0 = Release|Any CPU
		{94FF6534-C155-4B1F-A4DE-25E62661CC38}.AppStore|iPhone.ActiveCfg = Release|Any CPU
		{94FF6534-C155-4B1F-A4DE-25E62661CC38}.AppStore|iPhone.Build.0 = Release|Any CPU
		{94FF6534-C155-4B1F-A4DE-25E62661CC38}.AppStore|iPhoneSimulator.ActiveCfg = Release|Any CPU
		{94FF6534-C155-4B1F-A4DE-25E62661CC38}.AppStore|iPhoneSimulator.Build.0 = Release|Any CPU
		{94FF6534-C155-4B1F-A4DE-25E62661CC38}.AppStore|x64.ActiveCfg = Release|Any CPU
		{94FF6534-C155-4B1F-A4DE-25E62661CC38}.AppStore|x64.Build.0 = Release|Any CPU
		{94FF6534-C155-4B1F-A4DE-25E62661CC38}.AppStore|x86.ActiveCfg = Release|Any CPU
		{94FF6534-C155-4B1F-A4DE-25E62661CC38}.AppStore|x86.Build.0 = Release|Any CPU
		{94FF6534-C155-4B1F-A4DE-25E62661CC38}.Debug|Any CPU.ActiveCfg = Debug|Any CPU
		{94FF6534-C155-4B1F-A4DE-25E62661CC38}.Debug|Any CPU.Build.0 = Debug|Any CPU
		{94FF6534-C155-4B1F-A4DE-25E62661CC38}.Debug|ARM.ActiveCfg = Debug|Any CPU
		{94FF6534-C155-4B1F-A4DE-25E62661CC38}.Debug|ARM.Build.0 = Debug|Any CPU
		{94FF6534-C155-4B1F-A4DE-25E62661CC38}.Debug|iPhone.ActiveCfg = Debug|Any CPU
		{94FF6534-C155-4B1F-A4DE-25E62661CC38}.Debug|iPhone.Build.0 = Debug|Any CPU
		{94FF6534-C155-4B1F-A4DE-25E62661CC38}.Debug|iPhoneSimulator.ActiveCfg = Debug|Any CPU
		{94FF6534-C155-4B1F-A4DE-25E62661CC38}.Debug|iPhoneSimulator.Build.0 = Debug|Any CPU
		{94FF6534-C155-4B1F-A4DE-25E62661CC38}.Debug|x64.ActiveCfg = Debug|Any CPU
		{94FF6534-C155-4B1F-A4DE-25E62661CC38}.Debug|x64.Build.0 = Debug|Any CPU
		{94FF6534-C155-4B1F-A4DE-25E62661CC38}.Debug|x86.ActiveCfg = Debug|Any CPU
		{94FF6534-C155-4B1F-A4DE-25E62661CC38}.Debug|x86.Build.0 = Debug|Any CPU
		{94FF6534-C155-4B1F-A4DE-25E62661CC38}.Release|Any CPU.ActiveCfg = Release|Any CPU
		{94FF6534-C155-4B1F-A4DE-25E62661CC38}.Release|Any CPU.Build.0 = Release|Any CPU
		{94FF6534-C155-4B1F-A4DE-25E62661CC38}.Release|ARM.ActiveCfg = Release|Any CPU
		{94FF6534-C155-4B1F-A4DE-25E62661CC38}.Release|ARM.Build.0 = Release|Any CPU
		{94FF6534-C155-4B1F-A4DE-25E62661CC38}.Release|iPhone.ActiveCfg = Release|Any CPU
		{94FF6534-C155-4B1F-A4DE-25E62661CC38}.Release|iPhone.Build.0 = Release|Any CPU
		{94FF6534-C155-4B1F-A4DE-25E62661CC38}.Release|iPhoneSimulator.ActiveCfg = Release|Any CPU
		{94FF6534-C155-4B1F-A4DE-25E62661CC38}.Release|iPhoneSimulator.Build.0 = Release|Any CPU
		{94FF6534-C155-4B1F-A4DE-25E62661CC38}.Release|x64.ActiveCfg = Release|Any CPU
		{94FF6534-C155-4B1F-A4DE-25E62661CC38}.Release|x64.Build.0 = Release|Any CPU
		{94FF6534-C155-4B1F-A4DE-25E62661CC38}.Release|x86.ActiveCfg = Release|Any CPU
		{94FF6534-C155-4B1F-A4DE-25E62661CC38}.Release|x86.Build.0 = Release|Any CPU
		{F70784F5-9DA2-426C-8F29-0079482F419B}.Ad-Hoc|Any CPU.ActiveCfg = Release|Any CPU
		{F70784F5-9DA2-426C-8F29-0079482F419B}.Ad-Hoc|Any CPU.Build.0 = Release|Any CPU
		{F70784F5-9DA2-426C-8F29-0079482F419B}.Ad-Hoc|Any CPU.Deploy.0 = Release|Any CPU
		{F70784F5-9DA2-426C-8F29-0079482F419B}.Ad-Hoc|ARM.ActiveCfg = Release|Any CPU
		{F70784F5-9DA2-426C-8F29-0079482F419B}.Ad-Hoc|ARM.Build.0 = Release|Any CPU
		{F70784F5-9DA2-426C-8F29-0079482F419B}.Ad-Hoc|ARM.Deploy.0 = Release|Any CPU
		{F70784F5-9DA2-426C-8F29-0079482F419B}.Ad-Hoc|iPhone.ActiveCfg = Release|Any CPU
		{F70784F5-9DA2-426C-8F29-0079482F419B}.Ad-Hoc|iPhone.Build.0 = Release|Any CPU
		{F70784F5-9DA2-426C-8F29-0079482F419B}.Ad-Hoc|iPhone.Deploy.0 = Release|Any CPU
		{F70784F5-9DA2-426C-8F29-0079482F419B}.Ad-Hoc|iPhoneSimulator.ActiveCfg = Release|Any CPU
		{F70784F5-9DA2-426C-8F29-0079482F419B}.Ad-Hoc|iPhoneSimulator.Build.0 = Release|Any CPU
		{F70784F5-9DA2-426C-8F29-0079482F419B}.Ad-Hoc|iPhoneSimulator.Deploy.0 = Release|Any CPU
		{F70784F5-9DA2-426C-8F29-0079482F419B}.Ad-Hoc|x64.ActiveCfg = Release|Any CPU
		{F70784F5-9DA2-426C-8F29-0079482F419B}.Ad-Hoc|x64.Build.0 = Release|Any CPU
		{F70784F5-9DA2-426C-8F29-0079482F419B}.Ad-Hoc|x64.Deploy.0 = Release|Any CPU
		{F70784F5-9DA2-426C-8F29-0079482F419B}.Ad-Hoc|x86.ActiveCfg = Release|Any CPU
		{F70784F5-9DA2-426C-8F29-0079482F419B}.Ad-Hoc|x86.Build.0 = Release|Any CPU
		{F70784F5-9DA2-426C-8F29-0079482F419B}.Ad-Hoc|x86.Deploy.0 = Release|Any CPU
		{F70784F5-9DA2-426C-8F29-0079482F419B}.AppStore|Any CPU.ActiveCfg = Release|Any CPU
		{F70784F5-9DA2-426C-8F29-0079482F419B}.AppStore|Any CPU.Build.0 = Release|Any CPU
		{F70784F5-9DA2-426C-8F29-0079482F419B}.AppStore|Any CPU.Deploy.0 = Release|Any CPU
		{F70784F5-9DA2-426C-8F29-0079482F419B}.AppStore|ARM.ActiveCfg = Release|Any CPU
		{F70784F5-9DA2-426C-8F29-0079482F419B}.AppStore|ARM.Build.0 = Release|Any CPU
		{F70784F5-9DA2-426C-8F29-0079482F419B}.AppStore|ARM.Deploy.0 = Release|Any CPU
		{F70784F5-9DA2-426C-8F29-0079482F419B}.AppStore|iPhone.ActiveCfg = Release|Any CPU
		{F70784F5-9DA2-426C-8F29-0079482F419B}.AppStore|iPhone.Build.0 = Release|Any CPU
		{F70784F5-9DA2-426C-8F29-0079482F419B}.AppStore|iPhone.Deploy.0 = Release|Any CPU
		{F70784F5-9DA2-426C-8F29-0079482F419B}.AppStore|iPhoneSimulator.ActiveCfg = Release|Any CPU
		{F70784F5-9DA2-426C-8F29-0079482F419B}.AppStore|iPhoneSimulator.Build.0 = Release|Any CPU
		{F70784F5-9DA2-426C-8F29-0079482F419B}.AppStore|iPhoneSimulator.Deploy.0 = Release|Any CPU
		{F70784F5-9DA2-426C-8F29-0079482F419B}.AppStore|x64.ActiveCfg = Release|Any CPU
		{F70784F5-9DA2-426C-8F29-0079482F419B}.AppStore|x64.Build.0 = Release|Any CPU
		{F70784F5-9DA2-426C-8F29-0079482F419B}.AppStore|x64.Deploy.0 = Release|Any CPU
		{F70784F5-9DA2-426C-8F29-0079482F419B}.AppStore|x86.ActiveCfg = Release|Any CPU
		{F70784F5-9DA2-426C-8F29-0079482F419B}.AppStore|x86.Build.0 = Release|Any CPU
		{F70784F5-9DA2-426C-8F29-0079482F419B}.AppStore|x86.Deploy.0 = Release|Any CPU
		{F70784F5-9DA2-426C-8F29-0079482F419B}.Debug|Any CPU.ActiveCfg = Debug|Any CPU
		{F70784F5-9DA2-426C-8F29-0079482F419B}.Debug|Any CPU.Build.0 = Debug|Any CPU
		{F70784F5-9DA2-426C-8F29-0079482F419B}.Debug|Any CPU.Deploy.0 = Debug|Any CPU
		{F70784F5-9DA2-426C-8F29-0079482F419B}.Debug|ARM.ActiveCfg = Debug|Any CPU
		{F70784F5-9DA2-426C-8F29-0079482F419B}.Debug|ARM.Build.0 = Debug|Any CPU
		{F70784F5-9DA2-426C-8F29-0079482F419B}.Debug|ARM.Deploy.0 = Debug|Any CPU
		{F70784F5-9DA2-426C-8F29-0079482F419B}.Debug|iPhone.ActiveCfg = Debug|Any CPU
		{F70784F5-9DA2-426C-8F29-0079482F419B}.Debug|iPhone.Build.0 = Debug|Any CPU
		{F70784F5-9DA2-426C-8F29-0079482F419B}.Debug|iPhone.Deploy.0 = Debug|Any CPU
		{F70784F5-9DA2-426C-8F29-0079482F419B}.Debug|iPhoneSimulator.ActiveCfg = Debug|Any CPU
		{F70784F5-9DA2-426C-8F29-0079482F419B}.Debug|iPhoneSimulator.Build.0 = Debug|Any CPU
		{F70784F5-9DA2-426C-8F29-0079482F419B}.Debug|iPhoneSimulator.Deploy.0 = Debug|Any CPU
		{F70784F5-9DA2-426C-8F29-0079482F419B}.Debug|x64.ActiveCfg = Debug|Any CPU
		{F70784F5-9DA2-426C-8F29-0079482F419B}.Debug|x64.Build.0 = Debug|Any CPU
		{F70784F5-9DA2-426C-8F29-0079482F419B}.Debug|x64.Deploy.0 = Debug|Any CPU
		{F70784F5-9DA2-426C-8F29-0079482F419B}.Debug|x86.ActiveCfg = Debug|Any CPU
		{F70784F5-9DA2-426C-8F29-0079482F419B}.Debug|x86.Build.0 = Debug|Any CPU
		{F70784F5-9DA2-426C-8F29-0079482F419B}.Debug|x86.Deploy.0 = Debug|Any CPU
		{F70784F5-9DA2-426C-8F29-0079482F419B}.Release|Any CPU.ActiveCfg = Release|Any CPU
		{F70784F5-9DA2-426C-8F29-0079482F419B}.Release|Any CPU.Build.0 = Release|Any CPU
		{F70784F5-9DA2-426C-8F29-0079482F419B}.Release|Any CPU.Deploy.0 = Release|Any CPU
		{F70784F5-9DA2-426C-8F29-0079482F419B}.Release|ARM.ActiveCfg = Release|Any CPU
		{F70784F5-9DA2-426C-8F29-0079482F419B}.Release|ARM.Build.0 = Release|Any CPU
		{F70784F5-9DA2-426C-8F29-0079482F419B}.Release|ARM.Deploy.0 = Release|Any CPU
		{F70784F5-9DA2-426C-8F29-0079482F419B}.Release|iPhone.ActiveCfg = Release|Any CPU
		{F70784F5-9DA2-426C-8F29-0079482F419B}.Release|iPhone.Build.0 = Release|Any CPU
		{F70784F5-9DA2-426C-8F29-0079482F419B}.Release|iPhone.Deploy.0 = Release|Any CPU
		{F70784F5-9DA2-426C-8F29-0079482F419B}.Release|iPhoneSimulator.ActiveCfg = Release|Any CPU
		{F70784F5-9DA2-426C-8F29-0079482F419B}.Release|iPhoneSimulator.Build.0 = Release|Any CPU
		{F70784F5-9DA2-426C-8F29-0079482F419B}.Release|iPhoneSimulator.Deploy.0 = Release|Any CPU
		{F70784F5-9DA2-426C-8F29-0079482F419B}.Release|x64.ActiveCfg = Release|Any CPU
		{F70784F5-9DA2-426C-8F29-0079482F419B}.Release|x64.Build.0 = Release|Any CPU
		{F70784F5-9DA2-426C-8F29-0079482F419B}.Release|x64.Deploy.0 = Release|Any CPU
		{F70784F5-9DA2-426C-8F29-0079482F419B}.Release|x86.ActiveCfg = Release|Any CPU
		{F70784F5-9DA2-426C-8F29-0079482F419B}.Release|x86.Build.0 = Release|Any CPU
		{F70784F5-9DA2-426C-8F29-0079482F419B}.Release|x86.Deploy.0 = Release|Any CPU
		{9820EE87-C825-4277-A641-A2D5DCE93153}.Ad-Hoc|Any CPU.ActiveCfg = Ad-Hoc|iPhone
		{9820EE87-C825-4277-A641-A2D5DCE93153}.Ad-Hoc|ARM.ActiveCfg = Ad-Hoc|iPhone
		{9820EE87-C825-4277-A641-A2D5DCE93153}.Ad-Hoc|iPhone.ActiveCfg = Ad-Hoc|iPhone
		{9820EE87-C825-4277-A641-A2D5DCE93153}.Ad-Hoc|iPhone.Build.0 = Ad-Hoc|iPhone
		{9820EE87-C825-4277-A641-A2D5DCE93153}.Ad-Hoc|iPhoneSimulator.ActiveCfg = Ad-Hoc|iPhoneSimulator
		{9820EE87-C825-4277-A641-A2D5DCE93153}.Ad-Hoc|iPhoneSimulator.Build.0 = Ad-Hoc|iPhoneSimulator
		{9820EE87-C825-4277-A641-A2D5DCE93153}.Ad-Hoc|x64.ActiveCfg = Ad-Hoc|iPhone
		{9820EE87-C825-4277-A641-A2D5DCE93153}.Ad-Hoc|x86.ActiveCfg = Ad-Hoc|iPhone
		{9820EE87-C825-4277-A641-A2D5DCE93153}.AppStore|Any CPU.ActiveCfg = AppStore|iPhone
		{9820EE87-C825-4277-A641-A2D5DCE93153}.AppStore|ARM.ActiveCfg = AppStore|iPhone
		{9820EE87-C825-4277-A641-A2D5DCE93153}.AppStore|iPhone.ActiveCfg = AppStore|iPhone
		{9820EE87-C825-4277-A641-A2D5DCE93153}.AppStore|iPhone.Build.0 = AppStore|iPhone
		{9820EE87-C825-4277-A641-A2D5DCE93153}.AppStore|iPhoneSimulator.ActiveCfg = AppStore|iPhoneSimulator
		{9820EE87-C825-4277-A641-A2D5DCE93153}.AppStore|iPhoneSimulator.Build.0 = AppStore|iPhoneSimulator
		{9820EE87-C825-4277-A641-A2D5DCE93153}.AppStore|x64.ActiveCfg = AppStore|iPhone
		{9820EE87-C825-4277-A641-A2D5DCE93153}.AppStore|x86.ActiveCfg = AppStore|iPhone
		{9820EE87-C825-4277-A641-A2D5DCE93153}.Debug|Any CPU.ActiveCfg = Debug|iPhone
		{9820EE87-C825-4277-A641-A2D5DCE93153}.Debug|ARM.ActiveCfg = Debug|iPhone
		{9820EE87-C825-4277-A641-A2D5DCE93153}.Debug|iPhone.ActiveCfg = Debug|iPhone
		{9820EE87-C825-4277-A641-A2D5DCE93153}.Debug|iPhone.Build.0 = Debug|iPhone
		{9820EE87-C825-4277-A641-A2D5DCE93153}.Debug|iPhoneSimulator.ActiveCfg = Debug|iPhoneSimulator
		{9820EE87-C825-4277-A641-A2D5DCE93153}.Debug|iPhoneSimulator.Build.0 = Debug|iPhoneSimulator
		{9820EE87-C825-4277-A641-A2D5DCE93153}.Debug|x64.ActiveCfg = Debug|iPhone
		{9820EE87-C825-4277-A641-A2D5DCE93153}.Debug|x86.ActiveCfg = Debug|iPhone
		{9820EE87-C825-4277-A641-A2D5DCE93153}.Release|Any CPU.ActiveCfg = Release|iPhone
		{9820EE87-C825-4277-A641-A2D5DCE93153}.Release|ARM.ActiveCfg = Release|iPhone
		{9820EE87-C825-4277-A641-A2D5DCE93153}.Release|iPhone.ActiveCfg = Release|iPhone
		{9820EE87-C825-4277-A641-A2D5DCE93153}.Release|iPhone.Build.0 = Release|iPhone
		{9820EE87-C825-4277-A641-A2D5DCE93153}.Release|iPhoneSimulator.ActiveCfg = Release|iPhoneSimulator
		{9820EE87-C825-4277-A641-A2D5DCE93153}.Release|iPhoneSimulator.Build.0 = Release|iPhoneSimulator
		{9820EE87-C825-4277-A641-A2D5DCE93153}.Release|x64.ActiveCfg = Release|iPhone
		{9820EE87-C825-4277-A641-A2D5DCE93153}.Release|x86.ActiveCfg = Release|iPhone
		{52DE8A48-E993-42D0-BB0F-4A569E645768}.Ad-Hoc|Any CPU.ActiveCfg = Release|Any CPU
		{52DE8A48-E993-42D0-BB0F-4A569E645768}.Ad-Hoc|Any CPU.Build.0 = Release|Any CPU
		{52DE8A48-E993-42D0-BB0F-4A569E645768}.Ad-Hoc|Any CPU.Deploy.0 = Release|Any CPU
		{52DE8A48-E993-42D0-BB0F-4A569E645768}.Ad-Hoc|ARM.ActiveCfg = Release|ARM
		{52DE8A48-E993-42D0-BB0F-4A569E645768}.Ad-Hoc|ARM.Build.0 = Release|ARM
		{52DE8A48-E993-42D0-BB0F-4A569E645768}.Ad-Hoc|ARM.Deploy.0 = Release|ARM
		{52DE8A48-E993-42D0-BB0F-4A569E645768}.Ad-Hoc|iPhone.ActiveCfg = Release|Any CPU
		{52DE8A48-E993-42D0-BB0F-4A569E645768}.Ad-Hoc|iPhone.Build.0 = Release|Any CPU
		{52DE8A48-E993-42D0-BB0F-4A569E645768}.Ad-Hoc|iPhone.Deploy.0 = Release|Any CPU
		{52DE8A48-E993-42D0-BB0F-4A569E645768}.Ad-Hoc|iPhoneSimulator.ActiveCfg = Release|Any CPU
		{52DE8A48-E993-42D0-BB0F-4A569E645768}.Ad-Hoc|iPhoneSimulator.Build.0 = Release|Any CPU
		{52DE8A48-E993-42D0-BB0F-4A569E645768}.Ad-Hoc|iPhoneSimulator.Deploy.0 = Release|Any CPU
		{52DE8A48-E993-42D0-BB0F-4A569E645768}.Ad-Hoc|x64.ActiveCfg = Release|Any CPU
		{52DE8A48-E993-42D0-BB0F-4A569E645768}.Ad-Hoc|x64.Build.0 = Release|Any CPU
		{52DE8A48-E993-42D0-BB0F-4A569E645768}.Ad-Hoc|x64.Deploy.0 = Release|Any CPU
		{52DE8A48-E993-42D0-BB0F-4A569E645768}.Ad-Hoc|x86.ActiveCfg = Release|x86
		{52DE8A48-E993-42D0-BB0F-4A569E645768}.Ad-Hoc|x86.Build.0 = Release|x86
		{52DE8A48-E993-42D0-BB0F-4A569E645768}.Ad-Hoc|x86.Deploy.0 = Release|x86
		{52DE8A48-E993-42D0-BB0F-4A569E645768}.AppStore|Any CPU.ActiveCfg = Release|Any CPU
		{52DE8A48-E993-42D0-BB0F-4A569E645768}.AppStore|Any CPU.Build.0 = Release|Any CPU
		{52DE8A48-E993-42D0-BB0F-4A569E645768}.AppStore|Any CPU.Deploy.0 = Release|Any CPU
		{52DE8A48-E993-42D0-BB0F-4A569E645768}.AppStore|ARM.ActiveCfg = Release|ARM
		{52DE8A48-E993-42D0-BB0F-4A569E645768}.AppStore|ARM.Build.0 = Release|ARM
		{52DE8A48-E993-42D0-BB0F-4A569E645768}.AppStore|ARM.Deploy.0 = Release|ARM
		{52DE8A48-E993-42D0-BB0F-4A569E645768}.AppStore|iPhone.ActiveCfg = Release|Any CPU
		{52DE8A48-E993-42D0-BB0F-4A569E645768}.AppStore|iPhone.Build.0 = Release|Any CPU
		{52DE8A48-E993-42D0-BB0F-4A569E645768}.AppStore|iPhone.Deploy.0 = Release|Any CPU
		{52DE8A48-E993-42D0-BB0F-4A569E645768}.AppStore|iPhoneSimulator.ActiveCfg = Release|Any CPU
		{52DE8A48-E993-42D0-BB0F-4A569E645768}.AppStore|iPhoneSimulator.Build.0 = Release|Any CPU
		{52DE8A48-E993-42D0-BB0F-4A569E645768}.AppStore|iPhoneSimulator.Deploy.0 = Release|Any CPU
		{52DE8A48-E993-42D0-BB0F-4A569E645768}.AppStore|x64.ActiveCfg = Release|Any CPU
		{52DE8A48-E993-42D0-BB0F-4A569E645768}.AppStore|x64.Build.0 = Release|Any CPU
		{52DE8A48-E993-42D0-BB0F-4A569E645768}.AppStore|x64.Deploy.0 = Release|Any CPU
		{52DE8A48-E993-42D0-BB0F-4A569E645768}.AppStore|x86.ActiveCfg = Release|x86
		{52DE8A48-E993-42D0-BB0F-4A569E645768}.AppStore|x86.Build.0 = Release|x86
		{52DE8A48-E993-42D0-BB0F-4A569E645768}.AppStore|x86.Deploy.0 = Release|x86
		{52DE8A48-E993-42D0-BB0F-4A569E645768}.Debug|Any CPU.ActiveCfg = Debug|Any CPU
		{52DE8A48-E993-42D0-BB0F-4A569E645768}.Debug|Any CPU.Build.0 = Debug|Any CPU
		{52DE8A48-E993-42D0-BB0F-4A569E645768}.Debug|Any CPU.Deploy.0 = Debug|Any CPU
		{52DE8A48-E993-42D0-BB0F-4A569E645768}.Debug|ARM.ActiveCfg = Debug|ARM
		{52DE8A48-E993-42D0-BB0F-4A569E645768}.Debug|ARM.Build.0 = Debug|ARM
		{52DE8A48-E993-42D0-BB0F-4A569E645768}.Debug|ARM.Deploy.0 = Debug|ARM
		{52DE8A48-E993-42D0-BB0F-4A569E645768}.Debug|iPhone.ActiveCfg = Debug|Any CPU
		{52DE8A48-E993-42D0-BB0F-4A569E645768}.Debug|iPhone.Build.0 = Debug|Any CPU
		{52DE8A48-E993-42D0-BB0F-4A569E645768}.Debug|iPhone.Deploy.0 = Debug|Any CPU
		{52DE8A48-E993-42D0-BB0F-4A569E645768}.Debug|iPhoneSimulator.ActiveCfg = Debug|Any CPU
		{52DE8A48-E993-42D0-BB0F-4A569E645768}.Debug|iPhoneSimulator.Build.0 = Debug|Any CPU
		{52DE8A48-E993-42D0-BB0F-4A569E645768}.Debug|iPhoneSimulator.Deploy.0 = Debug|Any CPU
		{52DE8A48-E993-42D0-BB0F-4A569E645768}.Debug|x64.ActiveCfg = Debug|Any CPU
		{52DE8A48-E993-42D0-BB0F-4A569E645768}.Debug|x64.Build.0 = Debug|Any CPU
		{52DE8A48-E993-42D0-BB0F-4A569E645768}.Debug|x64.Deploy.0 = Debug|Any CPU
		{52DE8A48-E993-42D0-BB0F-4A569E645768}.Debug|x86.ActiveCfg = Debug|x86
		{52DE8A48-E993-42D0-BB0F-4A569E645768}.Debug|x86.Build.0 = Debug|x86
		{52DE8A48-E993-42D0-BB0F-4A569E645768}.Debug|x86.Deploy.0 = Debug|x86
		{52DE8A48-E993-42D0-BB0F-4A569E645768}.Release|Any CPU.ActiveCfg = Release|Any CPU
		{52DE8A48-E993-42D0-BB0F-4A569E645768}.Release|Any CPU.Build.0 = Release|Any CPU
		{52DE8A48-E993-42D0-BB0F-4A569E645768}.Release|Any CPU.Deploy.0 = Release|Any CPU
		{52DE8A48-E993-42D0-BB0F-4A569E645768}.Release|ARM.ActiveCfg = Release|ARM
		{52DE8A48-E993-42D0-BB0F-4A569E645768}.Release|ARM.Build.0 = Release|ARM
		{52DE8A48-E993-42D0-BB0F-4A569E645768}.Release|ARM.Deploy.0 = Release|ARM
		{52DE8A48-E993-42D0-BB0F-4A569E645768}.Release|iPhone.ActiveCfg = Release|Any CPU
		{52DE8A48-E993-42D0-BB0F-4A569E645768}.Release|iPhone.Build.0 = Release|Any CPU
		{52DE8A48-E993-42D0-BB0F-4A569E645768}.Release|iPhone.Deploy.0 = Release|Any CPU
		{52DE8A48-E993-42D0-BB0F-4A569E645768}.Release|iPhoneSimulator.ActiveCfg = Release|Any CPU
		{52DE8A48-E993-42D0-BB0F-4A569E645768}.Release|iPhoneSimulator.Build.0 = Release|Any CPU
		{52DE8A48-E993-42D0-BB0F-4A569E645768}.Release|iPhoneSimulator.Deploy.0 = Release|Any CPU
		{52DE8A48-E993-42D0-BB0F-4A569E645768}.Release|x64.ActiveCfg = Release|Any CPU
		{52DE8A48-E993-42D0-BB0F-4A569E645768}.Release|x64.Build.0 = Release|Any CPU
		{52DE8A48-E993-42D0-BB0F-4A569E645768}.Release|x64.Deploy.0 = Release|Any CPU
		{52DE8A48-E993-42D0-BB0F-4A569E645768}.Release|x86.ActiveCfg = Release|x86
		{52DE8A48-E993-42D0-BB0F-4A569E645768}.Release|x86.Build.0 = Release|x86
		{52DE8A48-E993-42D0-BB0F-4A569E645768}.Release|x86.Deploy.0 = Release|x86
		{FC7926F7-5D08-4457-9171-7481559D6B2C}.Ad-Hoc|Any CPU.ActiveCfg = Release|Any CPU
		{FC7926F7-5D08-4457-9171-7481559D6B2C}.Ad-Hoc|Any CPU.Build.0 = Release|Any CPU
		{FC7926F7-5D08-4457-9171-7481559D6B2C}.Ad-Hoc|Any CPU.Deploy.0 = Release|Any CPU
		{FC7926F7-5D08-4457-9171-7481559D6B2C}.Ad-Hoc|ARM.ActiveCfg = Release|ARM
		{FC7926F7-5D08-4457-9171-7481559D6B2C}.Ad-Hoc|ARM.Build.0 = Release|ARM
		{FC7926F7-5D08-4457-9171-7481559D6B2C}.Ad-Hoc|ARM.Deploy.0 = Release|ARM
		{FC7926F7-5D08-4457-9171-7481559D6B2C}.Ad-Hoc|iPhone.ActiveCfg = Release|Any CPU
		{FC7926F7-5D08-4457-9171-7481559D6B2C}.Ad-Hoc|iPhone.Build.0 = Release|Any CPU
		{FC7926F7-5D08-4457-9171-7481559D6B2C}.Ad-Hoc|iPhone.Deploy.0 = Release|Any CPU
		{FC7926F7-5D08-4457-9171-7481559D6B2C}.Ad-Hoc|iPhoneSimulator.ActiveCfg = Release|Any CPU
		{FC7926F7-5D08-4457-9171-7481559D6B2C}.Ad-Hoc|iPhoneSimulator.Build.0 = Release|Any CPU
		{FC7926F7-5D08-4457-9171-7481559D6B2C}.Ad-Hoc|iPhoneSimulator.Deploy.0 = Release|Any CPU
		{FC7926F7-5D08-4457-9171-7481559D6B2C}.Ad-Hoc|x64.ActiveCfg = Release|x64
		{FC7926F7-5D08-4457-9171-7481559D6B2C}.Ad-Hoc|x64.Build.0 = Release|x64
		{FC7926F7-5D08-4457-9171-7481559D6B2C}.Ad-Hoc|x64.Deploy.0 = Release|x64
		{FC7926F7-5D08-4457-9171-7481559D6B2C}.Ad-Hoc|x86.ActiveCfg = Release|x86
		{FC7926F7-5D08-4457-9171-7481559D6B2C}.Ad-Hoc|x86.Build.0 = Release|x86
		{FC7926F7-5D08-4457-9171-7481559D6B2C}.Ad-Hoc|x86.Deploy.0 = Release|x86
		{FC7926F7-5D08-4457-9171-7481559D6B2C}.AppStore|Any CPU.ActiveCfg = Release|Any CPU
		{FC7926F7-5D08-4457-9171-7481559D6B2C}.AppStore|Any CPU.Build.0 = Release|Any CPU
		{FC7926F7-5D08-4457-9171-7481559D6B2C}.AppStore|Any CPU.Deploy.0 = Release|Any CPU
		{FC7926F7-5D08-4457-9171-7481559D6B2C}.AppStore|ARM.ActiveCfg = Release|ARM
		{FC7926F7-5D08-4457-9171-7481559D6B2C}.AppStore|ARM.Build.0 = Release|ARM
		{FC7926F7-5D08-4457-9171-7481559D6B2C}.AppStore|ARM.Deploy.0 = Release|ARM
		{FC7926F7-5D08-4457-9171-7481559D6B2C}.AppStore|iPhone.ActiveCfg = Release|Any CPU
		{FC7926F7-5D08-4457-9171-7481559D6B2C}.AppStore|iPhone.Build.0 = Release|Any CPU
		{FC7926F7-5D08-4457-9171-7481559D6B2C}.AppStore|iPhone.Deploy.0 = Release|Any CPU
		{FC7926F7-5D08-4457-9171-7481559D6B2C}.AppStore|iPhoneSimulator.ActiveCfg = Release|Any CPU
		{FC7926F7-5D08-4457-9171-7481559D6B2C}.AppStore|iPhoneSimulator.Build.0 = Release|Any CPU
		{FC7926F7-5D08-4457-9171-7481559D6B2C}.AppStore|iPhoneSimulator.Deploy.0 = Release|Any CPU
		{FC7926F7-5D08-4457-9171-7481559D6B2C}.AppStore|x64.ActiveCfg = Release|x64
		{FC7926F7-5D08-4457-9171-7481559D6B2C}.AppStore|x64.Build.0 = Release|x64
		{FC7926F7-5D08-4457-9171-7481559D6B2C}.AppStore|x64.Deploy.0 = Release|x64
		{FC7926F7-5D08-4457-9171-7481559D6B2C}.AppStore|x86.ActiveCfg = Release|x86
		{FC7926F7-5D08-4457-9171-7481559D6B2C}.AppStore|x86.Build.0 = Release|x86
		{FC7926F7-5D08-4457-9171-7481559D6B2C}.AppStore|x86.Deploy.0 = Release|x86
		{FC7926F7-5D08-4457-9171-7481559D6B2C}.Debug|Any CPU.ActiveCfg = Debug|Any CPU
		{FC7926F7-5D08-4457-9171-7481559D6B2C}.Debug|Any CPU.Build.0 = Debug|Any CPU
		{FC7926F7-5D08-4457-9171-7481559D6B2C}.Debug|Any CPU.Deploy.0 = Debug|Any CPU
		{FC7926F7-5D08-4457-9171-7481559D6B2C}.Debug|ARM.ActiveCfg = Debug|ARM
		{FC7926F7-5D08-4457-9171-7481559D6B2C}.Debug|ARM.Build.0 = Debug|ARM
		{FC7926F7-5D08-4457-9171-7481559D6B2C}.Debug|ARM.Deploy.0 = Debug|ARM
		{FC7926F7-5D08-4457-9171-7481559D6B2C}.Debug|iPhone.ActiveCfg = Debug|Any CPU
		{FC7926F7-5D08-4457-9171-7481559D6B2C}.Debug|iPhone.Build.0 = Debug|Any CPU
		{FC7926F7-5D08-4457-9171-7481559D6B2C}.Debug|iPhone.Deploy.0 = Debug|Any CPU
		{FC7926F7-5D08-4457-9171-7481559D6B2C}.Debug|iPhoneSimulator.ActiveCfg = Debug|Any CPU
		{FC7926F7-5D08-4457-9171-7481559D6B2C}.Debug|iPhoneSimulator.Build.0 = Debug|Any CPU
		{FC7926F7-5D08-4457-9171-7481559D6B2C}.Debug|iPhoneSimulator.Deploy.0 = Debug|Any CPU
		{FC7926F7-5D08-4457-9171-7481559D6B2C}.Debug|x64.ActiveCfg = Debug|x64
		{FC7926F7-5D08-4457-9171-7481559D6B2C}.Debug|x64.Build.0 = Debug|x64
		{FC7926F7-5D08-4457-9171-7481559D6B2C}.Debug|x64.Deploy.0 = Debug|x64
		{FC7926F7-5D08-4457-9171-7481559D6B2C}.Debug|x86.ActiveCfg = Debug|x86
		{FC7926F7-5D08-4457-9171-7481559D6B2C}.Debug|x86.Build.0 = Debug|x86
		{FC7926F7-5D08-4457-9171-7481559D6B2C}.Debug|x86.Deploy.0 = Debug|x86
		{FC7926F7-5D08-4457-9171-7481559D6B2C}.Release|Any CPU.ActiveCfg = Release|Any CPU
		{FC7926F7-5D08-4457-9171-7481559D6B2C}.Release|Any CPU.Build.0 = Release|Any CPU
		{FC7926F7-5D08-4457-9171-7481559D6B2C}.Release|Any CPU.Deploy.0 = Release|Any CPU
		{FC7926F7-5D08-4457-9171-7481559D6B2C}.Release|ARM.ActiveCfg = Release|ARM
		{FC7926F7-5D08-4457-9171-7481559D6B2C}.Release|ARM.Build.0 = Release|ARM
		{FC7926F7-5D08-4457-9171-7481559D6B2C}.Release|ARM.Deploy.0 = Release|ARM
		{FC7926F7-5D08-4457-9171-7481559D6B2C}.Release|iPhone.ActiveCfg = Release|Any CPU
		{FC7926F7-5D08-4457-9171-7481559D6B2C}.Release|iPhone.Build.0 = Release|Any CPU
		{FC7926F7-5D08-4457-9171-7481559D6B2C}.Release|iPhone.Deploy.0 = Release|Any CPU
		{FC7926F7-5D08-4457-9171-7481559D6B2C}.Release|iPhoneSimulator.ActiveCfg = Release|Any CPU
		{FC7926F7-5D08-4457-9171-7481559D6B2C}.Release|iPhoneSimulator.Build.0 = Release|Any CPU
		{FC7926F7-5D08-4457-9171-7481559D6B2C}.Release|iPhoneSimulator.Deploy.0 = Release|Any CPU
		{FC7926F7-5D08-4457-9171-7481559D6B2C}.Release|x64.ActiveCfg = Release|x64
		{FC7926F7-5D08-4457-9171-7481559D6B2C}.Release|x64.Build.0 = Release|x64
		{FC7926F7-5D08-4457-9171-7481559D6B2C}.Release|x64.Deploy.0 = Release|x64
		{FC7926F7-5D08-4457-9171-7481559D6B2C}.Release|x86.ActiveCfg = Release|x86
		{FC7926F7-5D08-4457-9171-7481559D6B2C}.Release|x86.Build.0 = Release|x86
		{FC7926F7-5D08-4457-9171-7481559D6B2C}.Release|x86.Deploy.0 = Release|x86
	EndGlobalSection
	GlobalSection(SolutionProperties) = preSolution
		HideSolutionNode = FALSE
	EndGlobalSection
EndGlobal
